# @generated - this file is auto-generated by `mise lock` https://mise.jdx.dev/dev-tools/mise-lock.html

[[tools.actionlint]]
version = "1.7.12"
backend = "aqua:rhysd/actionlint"

[tools.actionlint."platforms.linux-arm64"]
checksum = "sha256:325e971b6ba9bfa504672e29be93c24981eeb1c07576d730e9f7c8805afff0c6"
url = "https://github.com/rhysd/actionlint/releases/download/v1.7.12/actionlint_1.7.12_linux_arm64.tar.gz"

[tools.actionlint."platforms.linux-arm64-musl"]
checksum = "sha256:325e971b6ba9bfa504672e29be93c24981eeb1c07576d730e9f7c8805afff0c6"
url = "https://github.com/rhysd/actionlint/releases/download/v1.7.12/actionlint_1.7.12_linux_arm64.tar.gz"

[tools.actionlint."platforms.linux-x64"]
checksum = "sha256:8aca8db96f1b94770f1b0d72b6dddcb1ebb8123cb3712530b08cc387b349a3d8"
url = "https://github.com/rhysd/actionlint/releases/download/v1.7.12/actionlint_1.7.12_linux_amd64.tar.gz"

[tools.actionlint."platforms.linux-x64-baseline"]
checksum = "sha256:8aca8db96f1b94770f1b0d72b6dddcb1ebb8123cb3712530b08cc387b349a3d8"
url = "https://github.com/rhysd/actionlint/releases/download/v1.7.12/actionlint_1.7.12_linux_amd64.tar.gz"

[tools.actionlint."platforms.linux-x64-musl"]
checksum = "sha256:8aca8db96f1b94770f1b0d72b6dddcb1ebb8123cb3712530b08cc387b349a3d8"
url = "https://github.com/rhysd/actionlint/releases/download/v1.7.12/actionlint_1.7.12_linux_amd64.tar.gz"

[tools.actionlint."platforms.linux-x64-musl-baseline"]
checksum = "sha256:8aca8db96f1b94770f1b0d72b6dddcb1ebb8123cb3712530b08cc387b349a3d8"
url = "https://github.com/rhysd/actionlint/releases/download/v1.7.12/actionlint_1.7.12_linux_amd64.tar.gz"

[tools.actionlint."platforms.macos-arm64"]
checksum = "sha256:aba9ced2dee8d27fecca3dc7feb1a7f9a52caefa1eb46f3271ea66b6e0e6953f"
url = "https://github.com/rhysd/actionlint/releases/download/v1.7.12/actionlint_1.7.12_darwin_arm64.tar.gz"
provenance = "github-attestations"

[tools.actionlint."platforms.macos-x64"]
checksum = "sha256:5b44c3bc2255115c9b69e30efc0fecdf498fdb63c5d58e17084fd5f16324c644"
url = "https://github.com/rhysd/actionlint/releases/download/v1.7.12/actionlint_1.7.12_darwin_amd64.tar.gz"

[tools.actionlint."platforms.macos-x64-baseline"]
checksum = "sha256:5b44c3bc2255115c9b69e30efc0fecdf498fdb63c5d58e17084fd5f16324c644"
url = "https://github.com/rhysd/actionlint/releases/download/v1.7.12/actionlint_1.7.12_darwin_amd64.tar.gz"

[tools.actionlint."platforms.windows-x64"]
checksum = "sha256:6e7241b51e6817ea6a047693d8e6fed13b31819c9a0dd6c5a726e1592d22f6e9"
url = "https://github.com/rhysd/actionlint/releases/download/v1.7.12/actionlint_1.7.12_windows_amd64.zip"

[tools.actionlint."platforms.windows-x64-baseline"]
checksum = "sha256:6e7241b51e6817ea6a047693d8e6fed13b31819c9a0dd6c5a726e1592d22f6e9"
url = "https://github.com/rhysd/actionlint/releases/download/v1.7.12/actionlint_1.7.12_windows_amd64.zip"

[[tools.bun]]
version = "1.3.11"
backend = "core:bun"

[tools.bun."platforms.linux-arm64"]
checksum = "sha256:d13944da12a53ecc74bf6a720bd1d04c4555c038dfe422365356a7be47691fdf"
url = "https://github.com/oven-sh/bun/releases/download/bun-v1.3.11/bun-linux-aarch64.zip"

[tools.bun."platforms.linux-arm64-musl"]
checksum = "sha256:0f5bf5dc3f276053196274bb84f90a44e2fa40c9432bd6757e3247a8d9476a3d"
url = "https://github.com/oven-sh/bun/releases/download/bun-v1.3.11/bun-linux-aarch64-musl.zip"

[tools.bun."platforms.linux-x64"]
checksum = "sha256:8611ba935af886f05a6f38740a15160326c15e5d5d07adef966130b4493607ed"
url = "https://github.com/oven-sh/bun/releases/download/bun-v1.3.11/bun-linux-x64.zip"

[tools.bun."platforms.linux-x64-baseline"]
checksum = "sha256:abe346f63414547cdf6b35b7a649a490c728b93d006226156923918a84c0e59b"
url = "https://github.com/oven-sh/bun/releases/download/bun-v1.3.11/bun-linux-x64-baseline.zip"

[tools.bun."platforms.linux-x64-musl"]
checksum = "sha256:b0fce3bc4fab52f26a1e0d8886dc07fd0c0eb2a274cb343b59c83a2d5997b5b1"
url = "https://github.com/oven-sh/bun/releases/download/bun-v1.3.11/bun-linux-x64-musl.zip"

[tools.bun."platforms.linux-x64-musl-baseline"]
checksum = "sha256:2fa2b697f14ada86a28df771d3876ca7606d7453b2339454893b1937aa9c0c7e"
url = "https://github.com/oven-sh/bun/releases/download/bun-v1.3.11/bun-linux-x64-musl-baseline.zip"

[tools.bun."platforms.macos-arm64"]
checksum = "sha256:6f5a3467ed9caec4795bf78cd476507d9f870c7d57b86c945fcb338126772ffc"
url = "https://github.com/oven-sh/bun/releases/download/bun-v1.3.11/bun-darwin-aarch64.zip"

[tools.bun."platforms.macos-x64"]
checksum = "sha256:c4fe2b9247218b0295f24e895aaec8fee62e74452679a9026b67eacbd611a286"
url = "https://github.com/oven-sh/bun/releases/download/bun-v1.3.11/bun-darwin-x64.zip"

[tools.bun."platforms.macos-x64-baseline"]
checksum = "sha256:fb6739b08bf54550edaa7c824cd5b2dca45b6a06afef408443087a63105f6f8d"
url = "https://github.com/oven-sh/bun/releases/download/bun-v1.3.11/bun-darwin-x64-baseline.zip"

[tools.bun."platforms.windows-x64"]
checksum = "sha256:066f8694f8b7d8df592452746d18f01710d4053e93030922dbc6e8c34a8c4b9f"
url = "https://github.com/oven-sh/bun/releases/download/bun-v1.3.11/bun-windows-x64.zip"

[tools.bun."platforms.windows-x64-baseline"]
checksum = "sha256:9d0e0f923e9626f3bc6044fc32e0d3ab29039aea753f5678ef8801cf26f75288"
url = "https://github.com/oven-sh/bun/releases/download/bun-v1.3.11/bun-windows-x64-baseline.zip"

[[tools.cargo-binstall]]
version = "1.17.9"
backend = "aqua:cargo-bins/cargo-binstall"

[tools.cargo-binstall."platforms.linux-arm64"]
checksum = "sha256:89df253cc00a307209daee7648272bba4d8a342fce084d5922f6b3f4e4db0e25"
url = "https://github.com/cargo-bins/cargo-binstall/releases/download/v1.17.9/cargo-binstall-aarch64-unknown-linux-musl.tgz"

[tools.cargo-binstall."platforms.linux-arm64-musl"]
checksum = "sha256:89df253cc00a307209daee7648272bba4d8a342fce084d5922f6b3f4e4db0e25"
url = "https://github.com/cargo-bins/cargo-binstall/releases/download/v1.17.9/cargo-binstall-aarch64-unknown-linux-musl.tgz"

[tools.cargo-binstall."platforms.linux-x64"]
checksum = "sha256:bdea3fd820b118576316bf69c8240f454857287717809e6ecef010faace901ff"
url = "https://github.com/cargo-bins/cargo-binstall/releases/download/v1.17.9/cargo-binstall-x86_64-unknown-linux-musl.tgz"

[tools.cargo-binstall."platforms.linux-x64-baseline"]
checksum = "sha256:bdea3fd820b118576316bf69c8240f454857287717809e6ecef010faace901ff"
url = "https://github.com/cargo-bins/cargo-binstall/releases/download/v1.17.9/cargo-binstall-x86_64-unknown-linux-musl.tgz"

[tools.cargo-binstall."platforms.linux-x64-musl"]
checksum = "sha256:bdea3fd820b118576316bf69c8240f454857287717809e6ecef010faace901ff"
url = "https://github.com/cargo-bins/cargo-binstall/releases/download/v1.17.9/cargo-binstall-x86_64-unknown-linux-musl.tgz"

[tools.cargo-binstall."platforms.linux-x64-musl-baseline"]
checksum = "sha256:bdea3fd820b118576316bf69c8240f454857287717809e6ecef010faace901ff"
url = "https://github.com/cargo-bins/cargo-binstall/releases/download/v1.17.9/cargo-binstall-x86_64-unknown-linux-musl.tgz"

[tools.cargo-binstall."platforms.macos-arm64"]
checksum = "sha256:021d537caa2071bbcd8ec50b210ea45af68a6983cca7780918b3603ef68d2585"
url = "https://github.com/cargo-bins/cargo-binstall/releases/download/v1.17.9/cargo-binstall-aarch64-apple-darwin.zip"

[tools.cargo-binstall."platforms.macos-x64"]
checksum = "sha256:1d4fbd74c15274a029dd92e19a0ead8e1831b6e6b60f0f5c3690ef517022c41c"
url = "https://github.com/cargo-bins/cargo-binstall/releases/download/v1.17.9/cargo-binstall-x86_64-apple-darwin.zip"

[tools.cargo-binstall."platforms.macos-x64-baseline"]
checksum = "sha256:1d4fbd74c15274a029dd92e19a0ead8e1831b6e6b60f0f5c3690ef517022c41c"
url = "https://github.com/cargo-bins/cargo-binstall/releases/download/v1.17.9/cargo-binstall-x86_64-apple-darwin.zip"

[tools.cargo-binstall."platforms.windows-x64"]
checksum = "sha256:d17b413a19592af2cf57f9f742d49bef8837099e1407d73e79de5bc7834c4fd6"
url = "https://github.com/cargo-bins/cargo-binstall/releases/download/v1.17.9/cargo-binstall-x86_64-pc-windows-msvc.zip"

[tools.cargo-binstall."platforms.windows-x64-baseline"]
checksum = "sha256:d17b413a19592af2cf57f9f742d49bef8837099e1407d73e79de5bc7834c4fd6"
url = "https://github.com/cargo-bins/cargo-binstall/releases/download/v1.17.9/cargo-binstall-x86_64-pc-windows-msvc.zip"

[[tools.cargo-insta]]
version = "1.47.2"
backend = "aqua:mitsuhiko/insta"

[tools.cargo-insta."platforms.linux-x64"]
checksum = "sha256:1c2a2e82200b430f6fa27b6d0ba0059573eae2f32b0b8aa54446184ab7b46ee7"
url = "https://github.com/mitsuhiko/insta/releases/download/1.47.2/cargo-insta-x86_64-unknown-linux-musl.tar.xz"

[tools.cargo-insta."platforms.linux-x64-baseline"]
checksum = "sha256:1c2a2e82200b430f6fa27b6d0ba0059573eae2f32b0b8aa54446184ab7b46ee7"
url = "https://github.com/mitsuhiko/insta/releases/download/1.47.2/cargo-insta-x86_64-unknown-linux-musl.tar.xz"

[tools.cargo-insta."platforms.linux-x64-musl"]
checksum = "sha256:1c2a2e82200b430f6fa27b6d0ba0059573eae2f32b0b8aa54446184ab7b46ee7"
url = "https://github.com/mitsuhiko/insta/releases/download/1.47.2/cargo-insta-x86_64-unknown-linux-musl.tar.xz"

[tools.cargo-insta."platforms.linux-x64-musl-baseline"]
checksum = "sha256:1c2a2e82200b430f6fa27b6d0ba0059573eae2f32b0b8aa54446184ab7b46ee7"
url = "https://github.com/mitsuhiko/insta/releases/download/1.47.2/cargo-insta-x86_64-unknown-linux-musl.tar.xz"

[tools.cargo-insta."platforms.macos-arm64"]
checksum = "sha256:4876319b5201b875188351445b754db09f7674b506daa983634c95d6d44ca51e"
url = "https://github.com/mitsuhiko/insta/releases/download/1.47.2/cargo-insta-aarch64-apple-darwin.tar.xz"

[tools.cargo-insta."platforms.macos-x64"]
checksum = "sha256:62efa25c4e9f8182c16ae46f58bc3e9c8fdbe74aaf0409d3ed06909a70d128a5"
url = "https://github.com/mitsuhiko/insta/releases/download/1.47.2/cargo-insta-x86_64-apple-darwin.tar.xz"

[tools.cargo-insta."platforms.macos-x64-baseline"]
checksum = "sha256:62efa25c4e9f8182c16ae46f58bc3e9c8fdbe74aaf0409d3ed06909a70d128a5"
url = "https://github.com/mitsuhiko/insta/releases/download/1.47.2/cargo-insta-x86_64-apple-darwin.tar.xz"

[tools.cargo-insta."platforms.windows-x64"]
checksum = "sha256:2f2ffcdda5608f78de53509bdd6a5feba185dad9490b5aad951c35bf8c37fa9e"
url = "https://github.com/mitsuhiko/insta/releases/download/1.47.2/cargo-insta-x86_64-pc-windows-msvc.zip"

[tools.cargo-insta."platforms.windows-x64-baseline"]
checksum = "sha256:2f2ffcdda5608f78de53509bdd6a5feba185dad9490b5aad951c35bf8c37fa9e"
url = "https://github.com/mitsuhiko/insta/releases/download/1.47.2/cargo-insta-x86_64-pc-windows-msvc.zip"

[[tools."cargo:cargo-audit"]]
version = "0.22.1"
backend = "cargo:cargo-audit"

[[tools."cargo:cargo-auditable"]]
version = "0.7.4"
backend = "cargo:cargo-auditable"

[[tools."cargo:cargo-cyclonedx"]]
version = "0.5.9"
backend = "cargo:cargo-cyclonedx"

[[tools."cargo:cargo-deny"]]
version = "0.19.0"
backend = "cargo:cargo-deny"

[[tools."cargo:cargo-dist"]]
version = "0.31.0"
backend = "cargo:cargo-dist"

[[tools."cargo:cargo-llvm-cov"]]
version = "0.8.5"
backend = "cargo:cargo-llvm-cov"

[[tools."cargo:cargo-machete"]]
version = "0.9.1"
backend = "cargo:cargo-machete"

[[tools."cargo:cargo-nextest"]]
version = "0.9.132"
backend = "cargo:cargo-nextest"

[[tools."cargo:cargo-outdated"]]
version = "0.17.0"
backend = "cargo:cargo-outdated"

[[tools."cargo:cargo-release"]]
version = "1.1.2"
backend = "cargo:cargo-release"

[[tools."cargo:git-cliff"]]
version = "2.12.0"
backend = "cargo:git-cliff"

[[tools."cargo:mdbook"]]
version = "0.5.2"
backend = "cargo:mdbook"

[[tools."cargo:mdbook-admonish"]]
version = "1.20.0"
backend = "cargo:mdbook-admonish"

[[tools."cargo:mdbook-i18n-helpers"]]
version = "0.4.0"
backend = "cargo:mdbook-i18n-helpers"

[[tools."cargo:mdbook-linkcheck"]]
version = "0.7.7"
backend = "cargo:mdbook-linkcheck"

[[tools."cargo:mdbook-mermaid"]]
version = "0.17.0"
backend = "cargo:mdbook-mermaid"

[[tools."cargo:mdbook-open-on-gh"]]
version = "3.0.0"
backend = "cargo:mdbook-open-on-gh"

[[tools."cargo:mdbook-tabs"]]
version = "0.3.4"
backend = "cargo:mdbook-tabs"

[[tools."cargo:mdbook-toc"]]
version = "0.15.3"
backend = "cargo:mdbook-toc"

[[tools."cargo:release-plz"]]
version = "0.3.157"
backend = "cargo:release-plz"

[[tools.just]]
version = "1.48.1"
backend = "aqua:casey/just"

[tools.just."platforms.linux-arm64"]
checksum = "sha256:3308721b991cf88cf2b9bbb3b31ac40550ec61a0c9b6fc011564e25e87964030"
url = "https://github.com/casey/just/releases/download/1.48.1/just-1.48.1-aarch64-unknown-linux-musl.tar.gz"

[tools.just."platforms.linux-arm64-musl"]
checksum = "sha256:3308721b991cf88cf2b9bbb3b31ac40550ec61a0c9b6fc011564e25e87964030"
url = "https://github.com/casey/just/releases/download/1.48.1/just-1.48.1-aarch64-unknown-linux-musl.tar.gz"

[tools.just."platforms.linux-x64"]
checksum = "sha256:9293e553ce401d1b524bf4e104918f72f268e3f9c6827e0055fe98d84a1b2522"
url = "https://github.com/casey/just/releases/download/1.48.1/just-1.48.1-x86_64-unknown-linux-musl.tar.gz"

[tools.just."platforms.linux-x64-baseline"]
checksum = "sha256:9293e553ce401d1b524bf4e104918f72f268e3f9c6827e0055fe98d84a1b2522"
url = "https://github.com/casey/just/releases/download/1.48.1/just-1.48.1-x86_64-unknown-linux-musl.tar.gz"

[tools.just."platforms.linux-x64-musl"]
checksum = "sha256:9293e553ce401d1b524bf4e104918f72f268e3f9c6827e0055fe98d84a1b2522"
url = "https://github.com/casey/just/releases/download/1.48.1/just-1.48.1-x86_64-unknown-linux-musl.tar.gz"

[tools.just."platforms.linux-x64-musl-baseline"]
checksum = "sha256:9293e553ce401d1b524bf4e104918f72f268e3f9c6827e0055fe98d84a1b2522"
url = "https://github.com/casey/just/releases/download/1.48.1/just-1.48.1-x86_64-unknown-linux-musl.tar.gz"

[tools.just."platforms.macos-arm64"]
checksum = "sha256:03a73339ff55bcf7411a3c940cdcb0a726d98134b87203c83a9008575434e2a8"
url = "https://github.com/casey/just/releases/download/1.48.1/just-1.48.1-aarch64-apple-darwin.tar.gz"

[tools.just."platforms.macos-x64"]
checksum = "sha256:4c3e9c880b8fc93d7fc24abfde3c36b0cc59f6e9f8b31f7175095700f64125a7"
url = "https://github.com/casey/just/releases/download/1.48.1/just-1.48.1-x86_64-apple-darwin.tar.gz"

[tools.just."platforms.macos-x64-baseline"]
checksum = "sha256:4c3e9c880b8fc93d7fc24abfde3c36b0cc59f6e9f8b31f7175095700f64125a7"
url = "https://github.com/casey/just/releases/download/1.48.1/just-1.48.1-x86_64-apple-darwin.tar.gz"

[tools.just."platforms.windows-x64"]
checksum = "sha256:368cd9ca827cba04d9e6fc00f7ad840773c4605b6f64b9f87bdb00325d351029"
url = "https://github.com/casey/just/releases/download/1.48.1/just-1.48.1-x86_64-pc-windows-msvc.zip"

[tools.just."platforms.windows-x64-baseline"]
checksum = "sha256:368cd9ca827cba04d9e6fc00f7ad840773c4605b6f64b9f87bdb00325d351029"
url = "https://github.com/casey/just/releases/download/1.48.1/just-1.48.1-x86_64-pc-windows-msvc.zip"

[[tools.lychee]]
version = "0.23.0"
backend = "aqua:lycheeverse/lychee"

[tools.lychee."platforms.linux-arm64"]
checksum = "sha256:97eb93b02a7d78a752fc33e5b0983439ccaadbf3db952b68a0a4401acd92e6e0"
url = "https://github.com/lycheeverse/lychee/releases/download/lychee-v0.23.0/lychee-aarch64-unknown-linux-gnu.tar.gz"

[tools.lychee."platforms.linux-arm64-musl"]
checksum = "sha256:97eb93b02a7d78a752fc33e5b0983439ccaadbf3db952b68a0a4401acd92e6e0"
url = "https://github.com/lycheeverse/lychee/releases/download/lychee-v0.23.0/lychee-aarch64-unknown-linux-gnu.tar.gz"

[tools.lychee."platforms.linux-x64"]
checksum = "sha256:5538440d2c69a45a0a09983271e5dee0c2fe7137d8035d25b2632e10a66a090a"
url = "https://github.com/lycheeverse/lychee/releases/download/lychee-v0.23.0/lychee-x86_64-unknown-linux-musl.tar.gz"

[tools.lychee."platforms.linux-x64-baseline"]
checksum = "sha256:5538440d2c69a45a0a09983271e5dee0c2fe7137d8035d25b2632e10a66a090a"
url = "https://github.com/lycheeverse/lychee/releases/download/lychee-v0.23.0/lychee-x86_64-unknown-linux-musl.tar.gz"

[tools.lychee."platforms.linux-x64-musl"]
checksum = "sha256:5538440d2c69a45a0a09983271e5dee0c2fe7137d8035d25b2632e10a66a090a"
url = "https://github.com/lycheeverse/lychee/releases/download/lychee-v0.23.0/lychee-x86_64-unknown-linux-musl.tar.gz"

[tools.lychee."platforms.linux-x64-musl-baseline"]
checksum = "sha256:5538440d2c69a45a0a09983271e5dee0c2fe7137d8035d25b2632e10a66a090a"
url = "https://github.com/lycheeverse/lychee/releases/download/lychee-v0.23.0/lychee-x86_64-unknown-linux-musl.tar.gz"

[tools.lychee."platforms.macos-arm64"]
checksum = "sha256:4c8034900e11083b68ac6f6582c377ff1f704e268991999e09d717973e493e7f"
url = "https://github.com/lycheeverse/lychee/releases/download/lychee-v0.23.0/lychee-arm64-macos.dmg"

[tools.lychee."platforms.windows-x64"]
checksum = "sha256:0fda7ff0a60c0250939fc25361c2d4e6e7853c31c996733fdd5a1dd760bcb824"
url = "https://github.com/lycheeverse/lychee/releases/download/lychee-v0.23.0/lychee-x86_64-windows.exe"

[tools.lychee."platforms.windows-x64-baseline"]
checksum = "sha256:0fda7ff0a60c0250939fc25361c2d4e6e7853c31c996733fdd5a1dd760bcb824"
url = "https://github.com/lycheeverse/lychee/releases/download/lychee-v0.23.0/lychee-x86_64-windows.exe"

[[tools.markdownlint-cli2]]
version = "0.22.0"
backend = "npm:markdownlint-cli2"

[[tools."pipx:mdformat"]]
version = "1.0.0"
backend = "pipx:mdformat"

[tools."pipx:mdformat".options]
uvx_args = "--with mdformat-gfm --with mdformat-config --with mdformat-footnote --with mdformat-front-matters --with mdformat-simple-breaks --with mdformat-web --with mdformat-wikilink --with mdformat-gfm-alerts --with mdformat-toc"

[[tools."pipx:pre-commit"]]
version = "4.5.1"
backend = "pipx:pre-commit"

[[tools.python]]
version = "3.14.3"
backend = "core:python"

[tools.python."platforms.linux-arm64"]
checksum = "sha256:53700338695e402a1a1fe22be4a41fbdacc70e22bb308a48eca8ed67cb7992be"
url = "https://github.com/astral-sh/python-build-standalone/releases/download/20260324/cpython-3.14.3+20260324-aarch64-unknown-linux-gnu-install_only_stripped.tar.gz"
provenance = "github-attestations"

[tools.python."platforms.linux-arm64-musl"]
checksum = "sha256:53700338695e402a1a1fe22be4a41fbdacc70e22bb308a48eca8ed67cb7992be"
url = "https://github.com/astral-sh/python-build-standalone/releases/download/20260324/cpython-3.14.3+20260324-aarch64-unknown-linux-gnu-install_only_stripped.tar.gz"
provenance = "github-attestations"

[tools.python."platforms.linux-x64"]
checksum = "sha256:d7a9f970914bb4c88756fe3bdcc186d4feb90e9500e54f1db47dae4dc9687e39"
url = "https://github.com/astral-sh/python-build-standalone/releases/download/20260324/cpython-3.14.3+20260324-x86_64-unknown-linux-gnu-install_only_stripped.tar.gz"
provenance = "github-attestations"

[tools.python."platforms.linux-x64-baseline"]
checksum = "sha256:d7a9f970914bb4c88756fe3bdcc186d4feb90e9500e54f1db47dae4dc9687e39"
url = "https://github.com/astral-sh/python-build-standalone/releases/download/20260324/cpython-3.14.3+20260324-x86_64-unknown-linux-gnu-install_only_stripped.tar.gz"
provenance = "github-attestations"

[tools.python."platforms.linux-x64-musl"]
checksum = "sha256:d7a9f970914bb4c88756fe3bdcc186d4feb90e9500e54f1db47dae4dc9687e39"
url = "https://github.com/astral-sh/python-build-standalone/releases/download/20260324/cpython-3.14.3+20260324-x86_64-unknown-linux-gnu-install_only_stripped.tar.gz"
provenance = "github-attestations"

[tools.python."platforms.linux-x64-musl-baseline"]
checksum = "sha256:d7a9f970914bb4c88756fe3bdcc186d4feb90e9500e54f1db47dae4dc9687e39"
url = "https://github.com/astral-sh/python-build-standalone/releases/download/20260324/cpython-3.14.3+20260324-x86_64-unknown-linux-gnu-install_only_stripped.tar.gz"
provenance = "github-attestations"

[tools.python."platforms.macos-arm64"]
checksum = "sha256:c43aecde4a663aebff99b9b83da0efec506479f1c3f98331442f33d2c43501f9"
url = "https://github.com/astral-sh/python-build-standalone/releases/download/20260324/cpython-3.14.3+20260324-aarch64-apple-darwin-install_only_stripped.tar.gz"
provenance = "github-attestations"

[tools.python."platforms.macos-x64"]
checksum = "sha256:9ab41dbc2f100a2a45d1833b9c11165f51051c558b5213eda9a9731d5948a0c0"
url = "https://github.com/astral-sh/python-build-standalone/releases/download/20260324/cpython-3.14.3+20260324-x86_64-apple-darwin-install_only_stripped.tar.gz"
provenance = "github-attestations"

[tools.python."platforms.macos-x64-baseline"]
checksum = "sha256:9ab41dbc2f100a2a45d1833b9c11165f51051c558b5213eda9a9731d5948a0c0"
url = "https://github.com/astral-sh/python-build-standalone/releases/download/20260324/cpython-3.14.3+20260324-x86_64-apple-darwin-install_only_stripped.tar.gz"
provenance = "github-attestations"

[tools.python."platforms.windows-x64"]
checksum = "sha256:bbe19034b35b0267176a7442575ae7dc6343480fd4d35598cb7700173d431e09"
url = "https://github.com/astral-sh/python-build-standalone/releases/download/20260324/cpython-3.14.3+20260324-x86_64-pc-windows-msvc-install_only_stripped.tar.gz"
provenance = "github-attestations"

[tools.python."platforms.windows-x64-baseline"]
checksum = "sha256:bbe19034b35b0267176a7442575ae7dc6343480fd4d35598cb7700173d431e09"
url = "https://github.com/astral-sh/python-build-standalone/releases/download/20260324/cpython-3.14.3+20260324-x86_64-pc-windows-msvc-install_only_stripped.tar.gz"
provenance = "github-attestations"

[[tools.rust]]
version = "1.94.1"
backend = "core:rust"

[[tools.scorecard]]
version = "5.4.0"
backend = "aqua:ossf/scorecard"

[tools.scorecard."platforms.linux-arm64"]
checksum = "sha256:3f8b6354c62ec0287a8e9694481d834e16bff8451cf5b5dca435e8400ce5adaf"
url = "https://github.com/ossf/scorecard/releases/download/v5.4.0/scorecard_5.4.0_linux_arm64.tar.gz"
provenance = "slsa"

[tools.scorecard."platforms.linux-arm64-musl"]
checksum = "sha256:3f8b6354c62ec0287a8e9694481d834e16bff8451cf5b5dca435e8400ce5adaf"
url = "https://github.com/ossf/scorecard/releases/download/v5.4.0/scorecard_5.4.0_linux_arm64.tar.gz"
provenance = "slsa"

[tools.scorecard."platforms.linux-x64"]
checksum = "sha256:e5183aeaa5aa548fbb7318a6deb3e1038be0ef9aca24e655422ae88dfbe67502"
url = "https://github.com/ossf/scorecard/releases/download/v5.4.0/scorecard_5.4.0_linux_amd64.tar.gz"
provenance = "slsa"

[tools.scorecard."platforms.linux-x64-baseline"]
checksum = "sha256:e5183aeaa5aa548fbb7318a6deb3e1038be0ef9aca24e655422ae88dfbe67502"
url = "https://github.com/ossf/scorecard/releases/download/v5.4.0/scorecard_5.4.0_linux_amd64.tar.gz"
provenance = "slsa"

[tools.scorecard."platforms.linux-x64-musl"]
checksum = "sha256:e5183aeaa5aa548fbb7318a6deb3e1038be0ef9aca24e655422ae88dfbe67502"
url = "https://github.com/ossf/scorecard/releases/download/v5.4.0/scorecard_5.4.0_linux_amd64.tar.gz"
provenance = "slsa"

[tools.scorecard."platforms.linux-x64-musl-baseline"]
checksum = "sha256:e5183aeaa5aa548fbb7318a6deb3e1038be0ef9aca24e655422ae88dfbe67502"
url = "https://github.com/ossf/scorecard/releases/download/v5.4.0/scorecard_5.4.0_linux_amd64.tar.gz"
provenance = "slsa"

[tools.scorecard."platforms.macos-arm64"]
checksum = "sha256:2c672695a27d35537dd4054f690f31fa1d6a72b0957598f45181296487f537f4"
url = "https://github.com/ossf/scorecard/releases/download/v5.4.0/scorecard_5.4.0_darwin_arm64.tar.gz"
provenance = "slsa"

[tools.scorecard."platforms.macos-x64"]
checksum = "sha256:2abfec13b8eecc9b730e3782c9b3a9544d31ae861ce21ea7fe6a369d887d7c89"
url = "https://github.com/ossf/scorecard/releases/download/v5.4.0/scorecard_5.4.0_darwin_amd64.tar.gz"
provenance = "slsa"

[tools.scorecard."platforms.macos-x64-baseline"]
checksum = "sha256:2abfec13b8eecc9b730e3782c9b3a9544d31ae861ce21ea7fe6a369d887d7c89"
url = "https://github.com/ossf/scorecard/releases/download/v5.4.0/scorecard_5.4.0_darwin_amd64.tar.gz"
provenance = "slsa"

[tools.scorecard."platforms.windows-x64"]
checksum = "sha256:f7d0ece0dde703e4baa5f96e9b6ed33e6e786138c90db8de2c4943f24015b9ff"
url = "https://github.com/ossf/scorecard/releases/download/v5.4.0/scorecard_5.4.0_windows_amd64.tar.gz"
provenance = "slsa"

[tools.scorecard."platforms.windows-x64-baseline"]
checksum = "sha256:f7d0ece0dde703e4baa5f96e9b6ed33e6e786138c90db8de2c4943f24015b9ff"
url = "https://github.com/ossf/scorecard/releases/download/v5.4.0/scorecard_5.4.0_windows_amd64.tar.gz"
provenance = "slsa"

[[tools.shellcheck]]
version = "0.11.0"
backend = "aqua:koalaman/shellcheck"

[tools.shellcheck."platforms.linux-arm64"]
checksum = "sha256:12b331c1d2db6b9eb13cfca64306b1b157a86eb69db83023e261eaa7e7c14588"
url = "https://github.com/koalaman/shellcheck/releases/download/v0.11.0/shellcheck-v0.11.0.linux.aarch64.tar.xz"

[tools.shellcheck."platforms.linux-arm64-musl"]
checksum = "sha256:12b331c1d2db6b9eb13cfca64306b1b157a86eb69db83023e261eaa7e7c14588"
url = "https://github.com/koalaman/shellcheck/releases/download/v0.11.0/shellcheck-v0.11.0.linux.aarch64.tar.xz"

[tools.shellcheck."platforms.linux-x64"]
checksum = "sha256:8c3be12b05d5c177a04c29e3c78ce89ac86f1595681cab149b65b97c4e227198"
url = "https://github.com/koalaman/shellcheck/releases/download/v0.11.0/shellcheck-v0.11.0.linux.x86_64.tar.xz"

[tools.shellcheck."platforms.linux-x64-baseline"]
checksum = "sha256:8c3be12b05d5c177a04c29e3c78ce89ac86f1595681cab149b65b97c4e227198"
url = "https://github.com/koalaman/shellcheck/releases/download/v0.11.0/shellcheck-v0.11.0.linux.x86_64.tar.xz"

[tools.shellcheck."platforms.linux-x64-musl"]
checksum = "sha256:8c3be12b05d5c177a04c29e3c78ce89ac86f1595681cab149b65b97c4e227198"
url = "https://github.com/koalaman/shellcheck/releases/download/v0.11.0/shellcheck-v0.11.0.linux.x86_64.tar.xz"

[tools.shellcheck."platforms.linux-x64-musl-baseline"]
checksum = "sha256:8c3be12b05d5c177a04c29e3c78ce89ac86f1595681cab149b65b97c4e227198"
url = "https://github.com/koalaman/shellcheck/releases/download/v0.11.0/shellcheck-v0.11.0.linux.x86_64.tar.xz"

[tools.shellcheck."platforms.macos-arm64"]
checksum = "sha256:56affdd8de5527894dca6dc3d7e0a99a873b0f004d7aabc30ae407d3f48b0a79"
url = "https://github.com/koalaman/shellcheck/releases/download/v0.11.0/shellcheck-v0.11.0.darwin.aarch64.tar.xz"

[tools.shellcheck."platforms.macos-x64"]
checksum = "sha256:3c89db4edcab7cf1c27bff178882e0f6f27f7afdf54e859fa041fca10febe4c6"
url = "https://github.com/koalaman/shellcheck/releases/download/v0.11.0/shellcheck-v0.11.0.darwin.x86_64.tar.xz"

[tools.shellcheck."platforms.macos-x64-baseline"]
checksum = "sha256:3c89db4edcab7cf1c27bff178882e0f6f27f7afdf54e859fa041fca10febe4c6"
url = "https://github.com/koalaman/shellcheck/releases/download/v0.11.0/shellcheck-v0.11.0.darwin.x86_64.tar.xz"

[tools.shellcheck."platforms.windows-x64"]
checksum = "sha256:8a4e35ab0b331c85d73567b12f2a444df187f483e5079ceffa6bda1faa2e740e"
url = "https://github.com/koalaman/shellcheck/releases/download/v0.11.0/shellcheck-v0.11.0.zip"

[tools.shellcheck."platforms.windows-x64-baseline"]
checksum = "sha256:8a4e35ab0b331c85d73567b12f2a444df187f483e5079ceffa6bda1faa2e740e"
url = "https://github.com/koalaman/shellcheck/releases/download/v0.11.0/shellcheck-v0.11.0.zip"
